{
  "name": "01",
  "lockfileVersion": 3,
  "requires": true,
  "packages": {
    "": {
      "dependencies": {
        "gl-matrix": "^3.4.3",
        "gsap": "^3.12.7"
      },
      "devDependencies": {
        "@types/gl-matrix": "^2.4.5",
        "@types/gsap": "^1.20.2"
      }
    },
    "node_modules/@types/gl-matrix": {
      "version": "2.4.5",
      "resolved": "https://registry.npmjs.org/@types/gl-matrix/-/gl-matrix-2.4.5.tgz",
      "integrity": "sha512-0L8Mq1+oaIW0oVzGUDbSW+HnTjCNb4CmoIQE5BkoHt/A7x20z0MJ1PnwfH3atty/vbWLGgvJwVu2Mz3SKFiEFw==",
      "dev": true,
      "license": "MIT"
    },
    "node_modules/@types/gsap": {
      "version": "1.20.2",
      "resolved": "https://registry.npmjs.org/@types/gsap/-/gsap-1.20.2.tgz",
      "integrity": "sha512-i9nUsnS32+VTgoX5IlaCYukJpCoB3c6h3bZvO67aIRdb3z8NFTWgeUDpQutLyb1ujowp6nw37qLQNvEowqq8yw==",
      "dev": true,
      "license": "MIT"
    },
    "node_modules/gl-matrix": {
      "version": "3.4.3",
      "resolved": "https://registry.npmjs.org/gl-matrix/-/gl-matrix-3.4.3.tgz",
      "integrity": "sha512-wcCp8vu8FT22BnvKVPjXa/ICBWRq/zjFfdofZy1WSpQZpphblv12/bOQLBC1rMM7SGOFS9ltVmKOHil5+Ml7gA==",
      "license": "MIT"
    },
    "node_modules/gsap": {
      "version": "3.12.7",
      "resolved": "https://registry.npmjs.org/gsap/-/gsap-3.12.7.tgz",
      "integrity": "sha512-V4GsyVamhmKefvcAKaoy0h6si0xX7ogwBoBSs2CTJwt7luW0oZzC0LhdkyuKV8PJAXr7Yaj8pMjCKD4GJ+eEMg==",
      "license": "Standard 'no charge' license: https://gsap.com/standard-license. Club GSAP members get more: https://gsap.com/licensing/. Why GreenSock doesn't employ an MIT license: https://gsap.com/why-license/"
    }
  }
}
